
Microsoft Visual Studio Solution File, Format Version 12.00
# Visual Studio Version 17
VisualStudioVersion = 17.4.33213.308
MinimumVisualStudioVersion = 10.0.40219.1
Project("{FAE04EC0-301F-11D3-BF4B-00C04F79EFBC}") = "BarcodeGeneratorandReader", "BarcodeGeneratorandReader\BarcodeGeneratorandReader.csproj", "{F858FFAF-26D4-49BF-B31F-6C43182D1374}"
EndProject
Global
	GlobalSection(SolutionConfigurationPlatforms) = preSolution
		Debug|Any CPU = Debug|Any CPU
		Release|Any CPU = Release|Any CPU
	EndGlobalSection
	GlobalSection(ProjectConfigurationPlatforms) = postSolution
		{F858FFAF-26D4-49BF-B31F-6C43182D1374}.Debug|Any CPU.ActiveCfg = Debug|Any CPU
		{F858FFAF-26D4-49BF-B31F-6C43182D1374}.Debug|Any CPU.Build.0 = Debug|Any CPU
		{F858FFAF-26D4-49BF-B31F-6C43182D1374}.Release|Any CPU.ActiveCfg = Release|Any CPU
		{F858FFAF-26D4-49BF-B31F-6C43182D1374}.Release|Any CPU.Build.0 = Release|Any CPU
	EndGlobalSection
	GlobalSection(SolutionProperties) = preSolution
		HideSolutionNode = FALSE
	EndGlobalSection
	GlobalSection(ExtensibilityGlobals) = postSolution
		SolutionGuid = {F0057108-A193-4FB6-81FC-6D1DB4DFA7DA}
	EndGlobalSection
EndGlobal
